// !$*UTF8*$!
{
	archiveVersion = 1;
	classes = {
	};
	objectVersion = 50;
	objects = {

/* Begin PBXBuildFile section */
		0E7543F4100886EE7C2E03DD /* libPods-YBLabelDemo.a in Frameworks */ = {isa = PBXBuildFile; fileRef = 43A34C5ED0FA67EDBEA5F890 /* libPods-YBLabelDemo.a */; };
		FA7C056B20F5E75B003E9675 /* AppDelegate.m in Sources */ = {isa = PBXBuildFile; fileRef = FA7C056A20F5E75B003E9675 /* AppDelegate.m */; };
		FA7C056E20F5E75B003E9675 /* DemoViewController.m in Sources */ = {isa = PBXBuildFile; fileRef = FA7C056D20F5E75B003E9675 /* DemoViewController.m */; };
		FA7C057120F5E75B003E9675 /* Main.storyboard in Resources */ = {isa = PBXBuildFile; fileRef = FA7C056F20F5E75B003E9675 /* Main.storyboard */; };
		FA7C057320F5E75C003E9675 /* Assets.xcassets in Resources */ = {isa = PBXBuildFile; fileRef = FA7C057220F5E75C003E9675 /* Assets.xcassets */; };
		FA7C057620F5E75C003E9675 /* LaunchScreen.storyboard in Resources */ = {isa = PBXBuildFile; fileRef = FA7C057420F5E75C003E9675 /* LaunchScreen.storyboard */; };
		FA7C057920F5E75C003E9675 /* main.m in Sources */ = {isa = PBXBuildFile; fileRef = FA7C057820F5E75C003E9675 /* main.m */; };
		FA7C058D20F6088E003E9675 /* UILabel+Copy.m in Sources */ = {isa = PBXBuildFile; fileRef = FA7C058C20F6088E003E9675 /* UILabel+Copy.m */; };
/* End PBXBuildFile section */

/* Begin PBXFileReference section */
		060667E0F63243545148C726 /* Pods-YBLabelDemo.debug.xcconfig */ = {isa = PBXFileReference; includeInIndex = 1; lastKnownFileType = text.xcconfig; name = "Pods-YBLabelDemo.debug.xcconfig"; path = "Pods/Target Support Files/Pods-YBLabelDemo/Pods-YBLabelDemo.debug.xcconfig"; sourceTree = "<group>"; };
		43A34C5ED0FA67EDBEA5F890 /* libPods-YBLabelDemo.a */ = {isa = PBXFileReference; explicitFileType = archive.ar; includeInIndex = 0; path = "libPods-YBLabelDemo.a"; sourceTree = BUILT_PRODUCTS_DIR; };
		7FBB98C69DEBB5E936B62797 /* Pods-YBLabelDemo.release.xcconfig */ = {isa = PBXFileReference; includeInIndex = 1; lastKnownFileType = text.xcconfig; name = "Pods-YBLabelDemo.release.xcconfig"; path = "Pods/Target Support Files/Pods-YBLabelDemo/Pods-YBLabelDemo.release.xcconfig"; sourceTree = "<group>"; };
		FA7C056620F5E75B003E9675 /* YBLabelDemo.app */ = {isa = PBXFileReference; explicitFileType = wrapper.application; includeInIndex = 0; path = YBLabelDemo.app; sourceTree = BUILT_PRODUCTS_DIR; };
		FA7C056920F5E75B003E9675 /* AppDelegate.h */ = {isa = PBXFileReference; lastKnownFileType = sourcecode.c.h; path = AppDelegate.h; sourceTree = "<group>"; };
		FA7C056A20F5E75B003E9675 /* AppDelegate.m */ = {isa = PBXFileReference; lastKnownFileType = sourcecode.c.objc; path = AppDelegate.m; sourceTree = "<group>"; };
		FA7C056C20F5E75B003E9675 /* DemoViewController.h */ = {isa = PBXFileReference; lastKnownFileType = sourcecode.c.h; path = DemoViewController.h; sourceTree = "<group>"; };
		FA7C056D20F5E75B003E9675 /* DemoViewController.m */ = {isa = PBXFileReference; lastKnownFileType = sourcecode.c.objc; path = DemoViewController.m; sourceTree = "<group>"; };
		FA7C057020F5E75B003E9675 /* Base */ = {isa = PBXFileReference; lastKnownFileType = file.storyboard; name = Base; path = Base.lproj/Main.storyboard; sourceTree = "<group>"; };
		FA7C057220F5E75C003E9675 /* Assets.xcassets */ = {isa = PBXFileReference; lastKnownFileType = folder.assetcatalog; path = Assets.xcassets; sourceTree = "<group>"; };
		FA7C057520F5E75C003E9675 /* Base */ = {isa = PBXFileReference; lastKnownFileType = file.storyboard; name = Base; path = Base.lproj/LaunchScreen.storyboard; sourceTree = "<group>"; };
		FA7C057720F5E75C003E9675 /* Info.plist */ = {isa = PBXFileReference; lastKnownFileType = text.plist.xml; path = Info.plist; sourceTree = "<group>"; };
		FA7C057820F5E75C003E9675 /* main.m */ = {isa = PBXFileReference; lastKnownFileType = sourcecode.c.objc; path = main.m; sourceTree = "<group>"; };
		FA7C058B20F6088E003E9675 /* UILabel+Copy.h */ = {isa = PBXFileReference; fileEncoding = 4; lastKnownFileType = sourcecode.c.h; path = "UILabel+Copy.h"; sourceTree = "<group>"; };
		FA7C058C20F6088E003E9675 /* UILabel+Copy.m */ = {isa = PBXFileReference; fileEncoding = 4; lastKnownFileType = sourcecode.c.objc; path = "UILabel+Copy.m"; sourceTree = "<group>"; };
/* End PBXFileReference section */

/* Begin PBXFrameworksBuildPhase section */
		FA7C056320F5E75B003E9675 /* Frameworks */ = {
			isa = PBXFrameworksBuildPhase;
			buildActionMask = 2147483647;
			files = (
				0E7543F4100886EE7C2E03DD /* libPods-YBLabelDemo.a in Frameworks */,
			);
			runOnlyForDeploymentPostprocessing = 0;
		};
/* End PBXFrameworksBuildPhase section */

/* Begin PBXGroup section */
		2774D0741C22298305942DCB /* Pods */ = {
			isa = PBXGroup;
			children = (
				060667E0F63243545148C726 /* Pods-YBLabelDemo.debug.xcconfig */,
				7FBB98C69DEBB5E936B62797 /* Pods-YBLabelDemo.release.xcconfig */,
			);
			name = Pods;
			sourceTree = "<group>";
		};
		C231ED589638182525ECD751 /* Frameworks */ = {
			isa = PBXGroup;
			children = (
				43A34C5ED0FA67EDBEA5F890 /* libPods-YBLabelDemo.a */,
			);
			name = Frameworks;
			sourceTree = "<group>";
		};
		FA7C055D20F5E75B003E9675 = {
			isa = PBXGroup;
			children = (
				FA7C058A20F6088E003E9675 /* YBLabel_Copy */,
				FA7C056820F5E75B003E9675 /* YBLabelDemo */,
				FA7C056720F5E75B003E9675 /* Products */,
				2774D0741C22298305942DCB /* Pods */,
				C231ED589638182525ECD751 /* Frameworks */,
			);
			sourceTree = "<group>";
		};
		FA7C056720F5E75B003E9675 /* Products */ = {
			isa = PBXGroup;
			children = (
				FA7C056620F5E75B003E9675 /* YBLabelDemo.app */,
			);
			name = Products;
			sourceTree = "<group>";
		};
		FA7C056820F5E75B003E9675 /* YBLabelDemo */ = {
			isa = PBXGroup;
			children = (
				FA7C056920F5E75B003E9675 /* AppDelegate.h */,
				FA7C056A20F5E75B003E9675 /* AppDelegate.m */,
				FA7C056C20F5E75B003E9675 /* DemoViewController.h */,
				FA7C056D20F5E75B003E9675 /* DemoViewController.m */,
				FA7C056F20F5E75B003E9675 /* Main.storyboard */,
				FA7C057220F5E75C003E9675 /* Assets.xcassets */,
				FA7C057420F5E75C003E9675 /* LaunchScreen.storyboard */,
				FA7C057720F5E75C003E9675 /* Info.plist */,
				FA7C057820F5E75C003E9675 /* main.m */,
			);
			path = YBLabelDemo;
			sourceTree = "<group>";
		};
		FA7C058A20F6088E003E9675 /* YBLabel_Copy */ = {
			isa = PBXGroup;
			children = (
				FA7C058B20F6088E003E9675 /* UILabel+Copy.h */,
				FA7C058C20F6088E003E9675 /* UILabel+Copy.m */,
			);
			name = YBLabel_Copy;
			path = ../YBLabel_Copy;
			sourceTree = "<group>";
		};
/* End PBXGroup section */

/* Begin PBXNativeTarget section */
		FA7C056520F5E75B003E9675 /* YBLabelDemo */ = {
			isa = PBXNativeTarget;
			buildConfigurationList = FA7C057C20F5E75C003E9675 /* Build configuration list for PBXNativeTarget "YBLabelDemo" */;
			buildPhases = (
				292EB1511EF906A14F3A85CF /* [CP] Check Pods Manifest.lock */,
				FA7C056220F5E75B003E9675 /* Sources */,
				FA7C056320F5E75B003E9675 /* Frameworks */,
				FA7C056420F5E75B003E9675 /* Resources */,
				433A3A87E0CD757174C2751B /* [CP] Embed Pods Frameworks */,
				153E3F36AC00A33BE4EE2F87 /* [CP] Copy Pods Resources */,
			);
			buildRules = (
			);
			dependencies = (
			);
			name = YBLabelDemo;
			productName = YBLabelDemo;
			productReference = FA7C056620F5E75B003E9675 /* YBLabelDemo.app */;
			productType = "com.apple.product-type.application";
		};
/* End PBXNativeTarget section */

/* Begin PBXProject section */
		FA7C055E20F5E75B003E9675 /* Project object */ = {
			isa = PBXProject;
			attributes = {
				LastUpgradeCheck = 0940;
				ORGANIZATIONNAME = "陈煜彬";
				TargetAttributes = {
					FA7C056520F5E75B003E9675 = {
						CreatedOnToolsVersion = 9.4.1;
					};
				};
			};
			buildConfigurationList = FA7C056120F5E75B003E9675 /* Build configuration list for PBXProject "YBLabelDemo" */;
			compatibilityVersion = "Xcode 9.3";
			developmentRegion = en;
			hasScannedForEncodings = 0;
			knownRegions = (
				en,
				Base,
			);
			mainGroup = FA7C055D20F5E75B003E9675;
			productRefGroup = FA7C056720F5E75B003E9675 /* Products */;
			projectDirPath = "";
			projectRoot = "";
			targets = (
				FA7C056520F5E75B003E9675 /* YBLabelDemo */,
			);
		};
/* End PBXProject section */

/* Begin PBXResourcesBuildPhase section */
		FA7C056420F5E75B003E9675 /* Resources */ = {
			isa = PBXResourcesBuildPhase;
			buildActionMask = 2147483647;
			files = (
				FA7C057620F5E75C003E9675 /* LaunchScreen.storyboard in Resources */,
				FA7C057320F5E75C003E9675 /* Assets.xcassets in Resources */,
				FA7C057120F5E75B003E9675 /* Main.storyboard in Resources */,
			);
			runOnlyForDeploymentPostprocessing = 0;
		};
/* End PBXResourcesBuildPhase section */

/* Begin PBXShellScriptBuildPhase section */
		153E3F36AC00A33BE4EE2F87 /* [CP] Copy Pods Resources */ = {
			isa = PBXShellScriptBuildPhase;
			buildActionMask = 2147483647;
			files = (
			);
			inputPaths = (
			);
			name = "[CP] Copy Pods Resources";
			outputPaths = (
			);
			runOnlyForDeploymentPostprocessing = 0;
			shellPath = /bin/sh;
			shellScript = "\"${SRCROOT}/Pods/Target Support Files/Pods-YBLabelDemo/Pods-YBLabelDemo-resources.sh\"\n";
			showEnvVarsInLog = 0;
		};
		292EB1511EF906A14F3A85CF /* [CP] Check Pods Manifest.lock */ = {
			isa = PBXShellScriptBuildPhase;
			buildActionMask = 2147483647;
			files = (
			);
			inputPaths = (
				"${PODS_PODFILE_DIR_PATH}/Podfile.lock",
				"${PODS_ROOT}/Manifest.lock",
			);
			name = "[CP] Check Pods Manifest.lock";
			outputPaths = (
				"$(DERIVED_FILE_DIR)/Pods-YBLabelDemo-checkManifestLockResult.txt",
			);
			runOnlyForDeploymentPostprocessing = 0;
			shellPath = /bin/sh;
			shellScript = "diff \"${PODS_PODFILE_DIR_PATH}/Podfile.lock\" \"${PODS_ROOT}/Manifest.lock\" > /dev/null\nif [ $? != 0 ] ; then\n    # print error to STDERR\n    echo \"error: The sandbox is not in sync with the Podfile.lock. Run 'pod install' or update your CocoaPods installation.\" >&2\n    exit 1\nfi\n# This output is used by Xcode 'outputs' to avoid re-running this script phase.\necho \"SUCCESS\" > \"${SCRIPT_OUTPUT_FILE_0}\"\n";
			showEnvVarsInLog = 0;
		};
		433A3A87E0CD757174C2751B /* [CP] Embed Pods Frameworks */ = {
			isa = PBXShellScriptBuildPhase;
			buildActionMask = 2147483647;
			files = (
			);
			inputPaths = (
			);
			name = "[CP] Embed Pods Frameworks";
			outputPaths = (
			);
			runOnlyForDeploymentPostprocessing = 0;
			shellPath = /bin/sh;
			shellScript = "\"${SRCROOT}/Pods/Target Support Files/Pods-YBLabelDemo/Pods-YBLabelDemo-frameworks.sh\"\n";
			showEnvVarsInLog = 0;
		};
/* End PBXShellScriptBuildPhase section */

/* Begin PBXSourcesBuildPhase section */
		FA7C056220F5E75B003E9675 /* Sources */ = {
			isa = PBXSourcesBuildPhase;
			buildActionMask = 2147483647;
			files = (
				FA7C056E20F5E75B003E9675 /* DemoViewController.m in Sources */,
				FA7C058D20F6088E003E9675 /* UILabel+Copy.m in Sources */,
				FA7C057920F5E75C003E9675 /* main.m in Sources */,
				FA7C056B20F5E75B003E9675 /* AppDelegate.m in Sources */,
			);
			runOnlyForDeploymentPostprocessing = 0;
		};
/* End PBXSourcesBuildPhase section */

/* Begin PBXVariantGroup section */
		FA7C056F20F5E75B003E9675 /* Main.storyboard */ = {
			isa = PBXVariantGroup;
			children = (
				FA7C057020F5E75B003E9675 /* Base */,
			);
			name = Main.storyboard;
			sourceTree = "<group>";
		};
		FA7C057420F5E75C003E9675 /* LaunchScreen.storyboard */ = {
			isa = PBXVariantGroup;
			children = (
				FA7C057520F5E75C003E9675 /* Base */,
			);
			name = LaunchScreen.storyboard;
			sourceTree = "<group>";
		};
/* End PBXVariantGroup section */

/* Begin XCBuildConfiguration section */
		FA7C057A20F5E75C003E9675 /* Debug */ = {
			isa = XCBuildConfiguration;
			buildSettings = {
				ALWAYS_SEARCH_USER_PATHS = NO;
				CLANG_ANALYZER_NONNULL = YES;
				CLANG_ANALYZER_NUMBER_OBJECT_CONVERSION = YES_AGGRESSIVE;
				CLANG_CXX_LANGUAGE_STANDARD = "gnu++14";
				CLANG_CXX_LIBRARY = "libc++";
				CLANG_ENABLE_MODULES = YES;
				CLANG_ENABLE_OBJC_ARC = YES;
				CLANG_ENABLE_OBJC_WEAK = YES;
				CLANG_WARN_BLOCK_CAPTURE_AUTORELEASING = YES;
				CLANG_WARN_BOOL_CONVERSION = YES;
				CLANG_WARN_COMMA = YES;
				CLANG_WARN_CONSTANT_CONVERSION = YES;
				CLANG_WARN_DEPRECATED_OBJC_IMPLEMENTATIONS = YES;
				CLANG_WARN_DIRECT_OBJC_ISA_USAGE = YES_ERROR;
				CLANG_WARN_DOCUMENTATION_COMMENTS = YES;
				CLANG_WARN_EMPTY_BODY = YES;
				CLANG_WARN_ENUM_CONVERSION = YES;
				CLANG_WARN_INFINITE_RECURSION = YES;
				CLANG_WARN_INT_CONVERSION = YES;
				CLANG_WARN_NON_LITERAL_NULL_CONVERSION = YES;
				CLANG_WARN_OBJC_IMPLICIT_RETAIN_SELF = YES;
				CLANG_WARN_OBJC_LITERAL_CONVERSION = YES;
				CLANG_WARN_OBJC_ROOT_CLASS = YES_ERROR;
				CLANG_WARN_RANGE_LOOP_ANALYSIS = YES;
				CLANG_WARN_STRICT_PROTOTYPES = YES;
				CLANG_WARN_SUSPICIOUS_MOVE = YES;
				CLANG_WARN_UNGUARDED_AVAILABILITY = YES_AGGRESSIVE;
				CLANG_WARN_UNREACHABLE_CODE = YES;
				CLANG_WARN__DUPLICATE_METHOD_MATCH = YES;
				CODE_SIGN_IDENTITY = "iPhone Developer";
				COPY_PHASE_STRIP = NO;
				DEBUG_INFORMATION_FORMAT = dwarf;
				ENABLE_STRICT_OBJC_MSGSEND = YES;
				ENABLE_TESTABILITY = YES;
				GCC_C_LANGUAGE_STANDARD = gnu11;
				GCC_DYNAMIC_NO_PIC = NO;
				GCC_NO_COMMON_BLOCKS = YES;
				GCC_OPTIMIZATION_LEVEL = 0;
				GCC_PREPROCESSOR_DEFINITIONS = (
					"DEBUG=1",
					"$(inherited)",
				);
				GCC_WARN_64_TO_32_BIT_CONVERSION = YES;
				GCC_WARN_ABOUT_RETURN_TYPE = YES_ERROR;
				GCC_WARN_UNDECLARED_SELECTOR = YES;
				GCC_WARN_UNINITIALIZED_AUTOS = YES_AGGRESSIVE;
				GCC_WARN_UNUSED_FUNCTION = YES;
				GCC_WARN_UNUSED_VARIABLE = YES;
				IPHONEOS_DEPLOYMENT_TARGET = 11.4;
				MTL_ENABLE_DEBUG_INFO = YES;
				ONLY_ACTIVE_ARCH = YES;
				SDKROOT = iphoneos;
			};
			name = Debug;
		};
		FA7C057B20F5E75C003E9675 /* Release */ = {
			isa = XCBuildConfiguration;
			buildSettings = {
				ALWAYS_SEARCH_USER_PATHS = NO;
				CLANG_ANALYZER_NONNULL = YES;
				CLANG_ANALYZER_NUMBER_OBJECT_CONVERSION = YES_AGGRESSIVE;
				CLANG_CXX_LANGUAGE_STANDARD = "gnu++14";
				CLANG_CXX_LIBRARY = "libc++";
				CLANG_ENABLE_MODULES = YES;
				CLANG_ENABLE_OBJC_ARC = YES;
				CLANG_ENABLE_OBJC_WEAK = YES;
				CLANG_WARN_BLOCK_CAPTURE_AUTORELEASING = YES;
				CLANG_WARN_BOOL_CONVERSION = YES;
				CLANG_WARN_COMMA = YES;
				CLANG_WARN_CONSTANT_CONVERSION = YES;
				CLANG_WARN_DEPRECATED_OBJC_IMPLEMENTATIONS = YES;
				CLANG_WARN_DIRECT_OBJC_ISA_USAGE = YES_ERROR;
				CLANG_WARN_DOCUMENTATION_COMMENTS = YES;
				CLANG_WARN_EMPTY_BODY = YES;
				CLANG_WARN_ENUM_CONVERSION = YES;
				CLANG_WARN_INFINITE_RECURSION = YES;
				CLANG_WARN_INT_CONVERSION = YES;
				CLANG_WARN_NON_LITERAL_NULL_CONVERSION = YES;
				CLANG_WARN_OBJC_IMPLICIT_RETAIN_SELF = YES;
				CLANG_WARN_OBJC_LITERAL_CONVERSION = YES;
				CLANG_WARN_OBJC_ROOT_CLASS = YES_ERROR;
				CLANG_WARN_RANGE_LOOP_ANALYSIS = YES;
				CLANG_WARN_STRICT_PROTOTYPES = YES;
				CLANG_WARN_SUSPICIOUS_MOVE = YES;
				CLANG_WARN_UNGUARDED_AVAILABILITY = YES_AGGRESSIVE;
				CLANG_WARN_UNREACHABLE_CODE = YES;
				CLANG_WARN__DUPLICATE_METHOD_MATCH = YES;
				CODE_SIGN_IDENTITY = "iPhone Developer";
				COPY_PHASE_STRIP = NO;
				DEBUG_INFORMATION_FORMAT = "dwarf-with-dsym";
				ENABLE_NS_ASSERTIONS = NO;
				ENABLE_STRICT_OBJC_MSGSEND = YES;
				GCC_C_LANGUAGE_STANDARD = gnu11;
				GCC_NO_COMMON_BLOCKS = YES;
				GCC_WARN_64_TO_32_BIT_CONVERSION = YES;
				GCC_WARN_ABOUT_RETURN_TYPE = YES_ERROR;
				GCC_WARN_UNDECLARED_SELECTOR = YES;
				GCC_WARN_UNINITIALIZED_AUTOS = YES_AGGRESSIVE;
				GCC_WARN_UNUSED_FUNCTION = YES;
				GCC_WARN_UNUSED_VARIABLE = YES;
				IPHONEOS_DEPLOYMENT_TARGET = 11.4;
				MTL_ENABLE_DEBUG_INFO = NO;
				SDKROOT = iphoneos;
				VALIDATE_PRODUCT = YES;
			};
			name = Release;
		};
		FA7C057D20F5E75C003E9675 /* Debug */ = {
			isa = XCBuildConfiguration;
			baseConfigurationReference = 060667E0F63243545148C726 /* Pods-YBLabelDemo.debug.xcconfig */;
			buildSettings = {
				ASSETCATALOG_COMPILER_APPICON_NAME = AppIcon;
				CODE_SIGN_STYLE = Automatic;
				INFOPLIST_FILE = YBLabelDemo/Info.plist;
				IPHONEOS_DEPLOYMENT_TARGET = 8.0;
				LD_RUNPATH_SEARCH_PATHS = (
					"$(inherited)",
					"@executable_path/Frameworks",
				);
				PRODUCT_BUNDLE_IDENTIFIER = com.chenyubin.YBLabelDemo;
				PRODUCT_NAME = "$(TARGET_NAME)";
				TARGETED_DEVICE_FAMILY = "1,2";
			};
			name = Debug;
		};
		FA7C057E20F5E75C003E9675 /* Release */ = {
			isa = XCBuildConfiguration;
			baseConfigurationReference = 7FBB98C69DEBB5E936B62797 /* Pods-YBLabelDemo.release.xcconfig */;
			buildSettings = {
				ASSETCATALOG_COMPILER_APPICON_NAME = AppIcon;
				CODE_SIGN_STYLE = Automatic;
				INFOPLIST_FILE = YBLabelDemo/Info.plist;
				IPHONEOS_DEPLOYMENT_TARGET = 8.0;
				LD_RUNPATH_SEARCH_PATHS = (
					"$(inherited)",
					"@executable_path/Frameworks",
				);
				PRODUCT_BUNDLE_IDENTIFIER = com.chenyubin.YBLabelDemo;
				PRODUCT_NAME = "$(TARGET_NAME)";
				TARGETED_DEVICE_FAMILY = "1,2";
			};
			name = Release;
		};
/* End XCBuildConfiguration section */

/* Begin XCConfigurationList section */
		FA7C056120F5E75B003E9675 /* Build configuration list for PBXProject "YBLabelDemo" */ = {
			isa = XCConfigurationList;
			buildConfigurations = (
				FA7C057A20F5E75C003E9675 /* Debug */,
				FA7C057B20F5E75C003E9675 /* Release */,
			);
			defaultConfigurationIsVisible = 0;
			defaultConfigurationName = Release;
		};
		FA7C057C20F5E75C003E9675 /* Build configuration list for PBXNativeTarget "YBLabelDemo" */ = {
			isa = XCConfigurationList;
			buildConfigurations = (
				FA7C057D20F5E75C003E9675 /* Debug */,
				FA7C057E20F5E75C003E9675 /* Release */,
			);
			defaultConfigurationIsVisible = 0;
			defaultConfigurationName = Release;
		};
/* End XCConfigurationList section */
	};
	rootObject = FA7C055E20F5E75B003E9675 /* Project object */;
}
